
Microsoft Visual Studio Solution File, Format Version 12.00
# Visual Studio 15
VisualStudioVersion = 15.0.27130.2027
MinimumVisualStudioVersion = 10.0.40219.1
Project("{FAE04EC0-301F-11D3-BF4B-00C04F79EFBC}") = "Sales.Android", "Sales\Sales.Android\Sales.Android.csproj", "{90A1C6BC-40B8-457A-B19B-6DB9984519C7}"
EndProject
Project("{FAE04EC0-301F-11D3-BF4B-00C04F79EFBC}") = "Sales.iOS", "Sales\Sales.iOS\Sales.iOS.csproj", "{CA7E8579-D5FD-465E-B4C5-6F3253C10451}"
EndProject
Project("{FAE04EC0-301F-11D3-BF4B-00C04F79EFBC}") = "Sales.UWP", "Sales\Sales.UWP\Sales.UWP.csproj", "{43F8BDFF-2BE7-4AB3-8D8F-7A6E5FFA14CE}"
EndProject
Project("{FAE04EC0-301F-11D3-BF4B-00C04F79EFBC}") = "Sales", "Sales\Sales\Sales.csproj", "{A3DD6AAC-B029-4963-BE38-07589ABBFB1B}"
EndProject
Project("{FAE04EC0-301F-11D3-BF4B-00C04F79EFBC}") = "Sales.Backend", "Sales.Backend\Sales.Backend.csproj", "{ADE6A86F-E76E-4748-8CF7-8B9BAB32C1B9}"
EndProject
Project("{FAE04EC0-301F-11D3-BF4B-00C04F79EFBC}") = "Sales.API", "Sales.API\Sales.API.csproj", "{4F24698A-49D0-4C00-B38E-D969661AB2D6}"
EndProject
Project("{FAE04EC0-301F-11D3-BF4B-00C04F79EFBC}") = "Sales.Domain", "Sales.Domain\Sales.Domain.csproj", "{BD0A22CE-64F0-4662-83BC-6C0014340CA5}"
EndProject
Project("{FAE04EC0-301F-11D3-BF4B-00C04F79EFBC}") = "Sales.Common", "Sales.Common\Sales.Common.csproj", "{8DB06F31-B05A-4363-80F4-D07AF9893DB3}"
EndProject
Global
	GlobalSection(SolutionConfigurationPlatforms) = preSolution
		Ad-Hoc|Any CPU = Ad-Hoc|Any CPU
		Ad-Hoc|ARM = Ad-Hoc|ARM
		Ad-Hoc|iPhone = Ad-Hoc|iPhone
		Ad-Hoc|iPhoneSimulator = Ad-Hoc|iPhoneSimulator
		Ad-Hoc|x64 = Ad-Hoc|x64
		Ad-Hoc|x86 = Ad-Hoc|x86
		AppStore|Any CPU = AppStore|Any CPU
		AppStore|ARM = AppStore|ARM
		AppStore|iPhone = AppStore|iPhone
		AppStore|iPhoneSimulator = AppStore|iPhoneSimulator
		AppStore|x64 = AppStore|x64
		AppStore|x86 = AppStore|x86
		Debug|Any CPU = Debug|Any CPU
		Debug|ARM = Debug|ARM
		Debug|iPhone = Debug|iPhone
		Debug|iPhoneSimulator = Debug|iPhoneSimulator
		Debug|x64 = Debug|x64
		Debug|x86 = Debug|x86
		Release|Any CPU = Release|Any CPU
		Release|ARM = Release|ARM
		Release|iPhone = Release|iPhone
		Release|iPhoneSimulator = Release|iPhoneSimulator
		Release|x64 = Release|x64
		Release|x86 = Release|x86
	EndGlobalSection
	GlobalSection(ProjectConfigurationPlatforms) = postSolution
		{90A1C6BC-40B8-457A-B19B-6DB9984519C7}.Ad-Hoc|Any CPU.ActiveCfg = Release|Any CPU
		{90A1C6BC-40B8-457A-B19B-6DB9984519C7}.Ad-Hoc|Any CPU.Build.0 = Release|Any CPU
		{90A1C6BC-40B8-457A-B19B-6DB9984519C7}.Ad-Hoc|Any CPU.Deploy.0 = Release|Any CPU
		{90A1C6BC-40B8-457A-B19B-6DB9984519C7}.Ad-Hoc|ARM.ActiveCfg = Release|Any CPU
		{90A1C6BC-40B8-457A-B19B-6DB9984519C7}.Ad-Hoc|ARM.Build.0 = Release|Any CPU
		{90A1C6BC-40B8-457A-B19B-6DB9984519C7}.Ad-Hoc|ARM.Deploy.0 = Release|Any CPU
		{90A1C6BC-40B8-457A-B19B-6DB9984519C7}.Ad-Hoc|iPhone.ActiveCfg = Release|Any CPU
		{90A1C6BC-40B8-457A-B19B-6DB9984519C7}.Ad-Hoc|iPhone.Build.0 = Release|Any CPU
		{90A1C6BC-40B8-457A-B19B-6DB9984519C7}.Ad-Hoc|iPhone.Deploy.0 = Release|Any CPU
		{90A1C6BC-40B8-457A-B19B-6DB9984519C7}.Ad-Hoc|iPhoneSimulator.ActiveCfg = Release|Any CPU
		{90A1C6BC-40B8-457A-B19B-6DB9984519C7}.Ad-Hoc|iPhoneSimulator.Build.0 = Release|Any CPU
		{90A1C6BC-40B8-457A-B19B-6DB9984519C7}.Ad-Hoc|iPhoneSimulator.Deploy.0 = Release|Any CPU
		{90A1C6BC-40B8-457A-B19B-6DB9984519C7}.Ad-Hoc|x64.ActiveCfg = Release|Any CPU
		{90A1C6BC-40B8-457A-B19B-6DB9984519C7}.Ad-Hoc|x64.Build.0 = Release|Any CPU
		{90A1C6BC-40B8-457A-B19B-6DB9984519C7}.Ad-Hoc|x64.Deploy.0 = Release|Any CPU
		{90A1C6BC-40B8-457A-B19B-6DB9984519C7}.Ad-Hoc|x86.ActiveCfg = Release|Any CPU
		{90A1C6BC-40B8-457A-B19B-6DB9984519C7}.Ad-Hoc|x86.Build.0 = Release|Any CPU
		{90A1C6BC-40B8-457A-B19B-6DB9984519C7}.Ad-Hoc|x86.Deploy.0 = Release|Any CPU
		{90A1C6BC-40B8-457A-B19B-6DB9984519C7}.AppStore|Any CPU.ActiveCfg = Release|Any CPU
		{90A1C6BC-40B8-457A-B19B-6DB9984519C7}.AppStore|Any CPU.Build.0 = Release|Any CPU
		{90A1C6BC-40B8-457A-B19B-6DB9984519C7}.AppStore|Any CPU.Deploy.0 = Release|Any CPU
		{90A1C6BC-40B8-457A-B19B-6DB9984519C7}.AppStore|ARM.ActiveCfg = Release|Any CPU
		{90A1C6BC-40B8-457A-B19B-6DB9984519C7}.AppStore|ARM.Build.0 = Release|Any CPU
		{90A1C6BC-40B8-457A-B19B-6DB9984519C7}.AppStore|ARM.Deploy.0 = Release|Any CPU
		{90A1C6BC-40B8-457A-B19B-6DB9984519C7}.AppStore|iPhone.ActiveCfg = Release|Any CPU
		{90A1C6BC-40B8-457A-B19B-6DB9984519C7}.AppStore|iPhone.Build.0 = Release|Any CPU
		{90A1C6BC-40B8-457A-B19B-6DB9984519C7}.AppStore|iPhone.Deploy.0 = Release|Any CPU
		{90A1C6BC-40B8-457A-B19B-6DB9984519C7}.AppStore|iPhoneSimulator.ActiveCfg = Release|Any CPU
		{90A1C6BC-40B8-457A-B19B-6DB9984519C7}.AppStore|iPhoneSimulator.Build.0 = Release|Any CPU
		{90A1C6BC-40B8-457A-B19B-6DB9984519C7}.AppStore|iPhoneSimulator.Deploy.0 = Release|Any CPU
		{90A1C6BC-40B8-457A-B19B-6DB9984519C7}.AppStore|x64.ActiveCfg = Release|Any CPU
		{90A1C6BC-40B8-457A-B19B-6DB9984519C7}.AppStore|x64.Build.0 = Release|Any CPU
		{90A1C6BC-40B8-457A-B19B-6DB9984519C7}.AppStore|x64.Deploy.0 = Release|Any CPU
		{90A1C6BC-40B8-457A-B19B-6DB9984519C7}.AppStore|x86.ActiveCfg = Release|Any CPU
		{90A1C6BC-40B8-457A-B19B-6DB9984519C7}.AppStore|x86.Build.0 = Release|Any CPU
		{90A1C6BC-40B8-457A-B19B-6DB9984519C7}.AppStore|x86.Deploy.0 = Release|Any CPU
		{90A1C6BC-40B8-457A-B19B-6DB9984519C7}.Debug|Any CPU.ActiveCfg = Debug|Any CPU
		{90A1C6BC-40B8-457A-B19B-6DB9984519C7}.Debug|Any CPU.Build.0 = Debug|Any CPU
		{90A1C6BC-40B8-457A-B19B-6DB9984519C7}.Debug|Any CPU.Deploy.0 = Debug|Any CPU
		{90A1C6BC-40B8-457A-B19B-6DB9984519C7}.Debug|ARM.ActiveCfg = Debug|Any CPU
		{90A1C6BC-40B8-457A-B19B-6DB9984519C7}.Debug|ARM.Build.0 = Debug|Any CPU
		{90A1C6BC-40B8-457A-B19B-6DB9984519C7}.Debug|ARM.Deploy.0 = Debug|Any CPU
		{90A1C6BC-40B8-457A-B19B-6DB9984519C7}.Debug|iPhone.ActiveCfg = Debug|Any CPU
		{90A1C6BC-40B8-457A-B19B-6DB9984519C7}.Debug|iPhone.Build.0 = Debug|Any CPU
		{90A1C6BC-40B8-457A-B19B-6DB9984519C7}.Debug|iPhone.Deploy.0 = Debug|Any CPU
		{90A1C6BC-40B8-457A-B19B-6DB9984519C7}.Debug|iPhoneSimulator.ActiveCfg = Debug|Any CPU
		{90A1C6BC-40B8-457A-B19B-6DB9984519C7}.Debug|iPhoneSimulator.Build.0 = Debug|Any CPU
		{90A1C6BC-40B8-457A-B19B-6DB9984519C7}.Debug|iPhoneSimulator.Deploy.0 = Debug|Any CPU
		{90A1C6BC-40B8-457A-B19B-6DB9984519C7}.Debug|x64.ActiveCfg = Debug|Any CPU
		{90A1C6BC-40B8-457A-B19B-6DB9984519C7}.Debug|x64.Build.0 = Debug|Any CPU
		{90A1C6BC-40B8-457A-B19B-6DB9984519C7}.Debug|x64.Deploy.0 = Debug|Any CPU
		{90A1C6BC-40B8-457A-B19B-6DB9984519C7}.Debug|x86.ActiveCfg = Debug|Any CPU
		{90A1C6BC-40B8-457A-B19B-6DB9984519C7}.Debug|x86.Build.0 = Debug|Any CPU
		{90A1C6BC-40B8-457A-B19B-6DB9984519C7}.Debug|x86.Deploy.0 = Debug|Any CPU
		{90A1C6BC-40B8-457A-B19B-6DB9984519C7}.Release|Any CPU.ActiveCfg = Release|Any CPU
		{90A1C6BC-40B8-457A-B19B-6DB9984519C7}.Release|Any CPU.Build.0 = Release|Any CPU
		{90A1C6BC-40B8-457A-B19B-6DB9984519C7}.Release|Any CPU.Deploy.0 = Release|Any CPU
		{90A1C6BC-40B8-457A-B19B-6DB9984519C7}.Release|ARM.ActiveCfg = Release|Any CPU
		{90A1C6BC-40B8-457A-B19B-6DB9984519C7}.Release|ARM.Build.0 = Release|Any CPU
		{90A1C6BC-40B8-457A-B19B-6DB9984519C7}.Release|ARM.Deploy.0 = Release|Any CPU
		{90A1C6BC-40B8-457A-B19B-6DB9984519C7}.Release|iPhone.ActiveCfg = Release|Any CPU
		{90A1C6BC-40B8-457A-B19B-6DB9984519C7}.Release|iPhone.Build.0 = Release|Any CPU
		{90A1C6BC-40B8-457A-B19B-6DB9984519C7}.Release|iPhone.Deploy.0 = Release|Any CPU
		{90A1C6BC-40B8-457A-B19B-6DB9984519C7}.Release|iPhoneSimulator.ActiveCfg = Release|Any CPU
		{90A1C6BC-40B8-457A-B19B-6DB9984519C7}.Release|iPhoneSimulator.Build.0 = Release|Any CPU
		{90A1C6BC-40B8-457A-B19B-6DB9984519C7}.Release|iPhoneSimulator.Deploy.0 = Release|Any CPU
		{90A1C6BC-40B8-457A-B19B-6DB9984519C7}.Release|x64.ActiveCfg = Release|Any CPU
		{90A1C6BC-40B8-457A-B19B-6DB9984519C7}.Release|x64.Build.0 = Release|Any CPU
		{90A1C6BC-40B8-457A-B19B-6DB9984519C7}.Release|x64.Deploy.0 = Release|Any CPU
		{90A1C6BC-40B8-457A-B19B-6DB9984519C7}.Release|x86.ActiveCfg = Release|Any CPU
		{90A1C6BC-40B8-457A-B19B-6DB9984519C7}.Release|x86.Build.0 = Release|Any CPU
		{90A1C6BC-40B8-457A-B19B-6DB9984519C7}.Release|x86.Deploy.0 = Release|Any CPU
		{CA7E8579-D5FD-465E-B4C5-6F3253C10451}.Ad-Hoc|Any CPU.ActiveCfg = Ad-Hoc|iPhone
		{CA7E8579-D5FD-465E-B4C5-6F3253C10451}.Ad-Hoc|ARM.ActiveCfg = Ad-Hoc|iPhone
		{CA7E8579-D5FD-465E-B4C5-6F3253C10451}.Ad-Hoc|iPhone.ActiveCfg = Ad-Hoc|iPhone
		{CA7E8579-D5FD-465E-B4C5-6F3253C10451}.Ad-Hoc|iPhone.Build.0 = Ad-Hoc|iPhone
		{CA7E8579-D5FD-465E-B4C5-6F3253C10451}.Ad-Hoc|iPhoneSimulator.ActiveCfg = Ad-Hoc|iPhoneSimulator
		{CA7E8579-D5FD-465E-B4C5-6F3253C10451}.Ad-Hoc|iPhoneSimulator.Build.0 = Ad-Hoc|iPhoneSimulator
		{CA7E8579-D5FD-465E-B4C5-6F3253C10451}.Ad-Hoc|x64.ActiveCfg = Ad-Hoc|iPhone
		{CA7E8579-D5FD-465E-B4C5-6F3253C10451}.Ad-Hoc|x86.ActiveCfg = Ad-Hoc|iPhone
		{CA7E8579-D5FD-465E-B4C5-6F3253C10451}.AppStore|Any CPU.ActiveCfg = AppStore|iPhone
		{CA7E8579-D5FD-465E-B4C5-6F3253C10451}.AppStore|ARM.ActiveCfg = AppStore|iPhone
		{CA7E8579-D5FD-465E-B4C5-6F3253C10451}.AppStore|iPhone.ActiveCfg = AppStore|iPhone
		{CA7E8579-D5FD-465E-B4C5-6F3253C10451}.AppStore|iPhone.Build.0 = AppStore|iPhone
		{CA7E8579-D5FD-465E-B4C5-6F3253C10451}.AppStore|iPhoneSimulator.ActiveCfg = AppStore|iPhoneSimulator
		{CA7E8579-D5FD-465E-B4C5-6F3253C10451}.AppStore|iPhoneSimulator.Build.0 = AppStore|iPhoneSimulator
		{CA7E8579-D5FD-465E-B4C5-6F3253C10451}.AppStore|x64.ActiveCfg = AppStore|iPhone
		{CA7E8579-D5FD-465E-B4C5-6F3253C10451}.AppStore|x86.ActiveCfg = AppStore|iPhone
		{CA7E8579-D5FD-465E-B4C5-6F3253C10451}.Debug|Any CPU.ActiveCfg = Debug|iPhone
		{CA7E8579-D5FD-465E-B4C5-6F3253C10451}.Debug|ARM.ActiveCfg = Debug|iPhone
		{CA7E8579-D5FD-465E-B4C5-6F3253C10451}.Debug|iPhone.ActiveCfg = Debug|iPhone
		{CA7E8579-D5FD-465E-B4C5-6F3253C10451}.Debug|iPhone.Build.0 = Debug|iPhone
		{CA7E8579-D5FD-465E-B4C5-6F3253C10451}.Debug|iPhoneSimulator.ActiveCfg = Debug|iPhoneSimulator
		{CA7E8579-D5FD-465E-B4C5-6F3253C10451}.Debug|iPhoneSimulator.Build.0 = Debug|iPhoneSimulator
		{CA7E8579-D5FD-465E-B4C5-6F3253C10451}.Debug|x64.ActiveCfg = Debug|iPhone
		{CA7E8579-D5FD-465E-B4C5-6F3253C10451}.Debug|x86.ActiveCfg = Debug|iPhone
		{CA7E8579-D5FD-465E-B4C5-6F3253C10451}.Release|Any CPU.ActiveCfg = Release|iPhone
		{CA7E8579-D5FD-465E-B4C5-6F3253C10451}.Release|ARM.ActiveCfg = Release|iPhone
		{CA7E8579-D5FD-465E-B4C5-6F3253C10451}.Release|iPhone.ActiveCfg = Release|iPhone
		{CA7E8579-D5FD-465E-B4C5-6F3253C10451}.Release|iPhone.Build.0 = Release|iPhone
		{CA7E8579-D5FD-465E-B4C5-6F3253C10451}.Release|iPhoneSimulator.ActiveCfg = Release|iPhoneSimulator
		{CA7E8579-D5FD-465E-B4C5-6F3253C10451}.Release|iPhoneSimulator.Build.0 = Release|iPhoneSimulator
		{CA7E8579-D5FD-465E-B4C5-6F3253C10451}.Release|x64.ActiveCfg = Release|iPhone
		{CA7E8579-D5FD-465E-B4C5-6F3253C10451}.Release|x86.ActiveCfg = Release|iPhone
		{43F8BDFF-2BE7-4AB3-8D8F-7A6E5FFA14CE}.Ad-Hoc|Any CPU.ActiveCfg = Release|x86
		{43F8BDFF-2BE7-4AB3-8D8F-7A6E5FFA14CE}.Ad-Hoc|Any CPU.Build.0 = Release|x86
		{43F8BDFF-2BE7-4AB3-8D8F-7A6E5FFA14CE}.Ad-Hoc|Any CPU.Deploy.0 = Release|x86
		{43F8BDFF-2BE7-4AB3-8D8F-7A6E5FFA14CE}.Ad-Hoc|ARM.ActiveCfg = Release|ARM
		{43F8BDFF-2BE7-4AB3-8D8F-7A6E5FFA14CE}.Ad-Hoc|ARM.Build.0 = Release|ARM
		{43F8BDFF-2BE7-4AB3-8D8F-7A6E5FFA14CE}.Ad-Hoc|ARM.Deploy.0 = Release|ARM
		{43F8BDFF-2BE7-4AB3-8D8F-7A6E5FFA14CE}.Ad-Hoc|iPhone.ActiveCfg = Release|x86
		{43F8BDFF-2BE7-4AB3-8D8F-7A6E5FFA14CE}.Ad-Hoc|iPhone.Build.0 = Release|x86
		{43F8BDFF-2BE7-4AB3-8D8F-7A6E5FFA14CE}.Ad-Hoc|iPhone.Deploy.0 = Release|x86
		{43F8BDFF-2BE7-4AB3-8D8F-7A6E5FFA14CE}.Ad-Hoc|iPhoneSimulator.ActiveCfg = Release|x86
		{43F8BDFF-2BE7-4AB3-8D8F-7A6E5FFA14CE}.Ad-Hoc|iPhoneSimulator.Build.0 = Release|x86
		{43F8BDFF-2BE7-4AB3-8D8F-7A6E5FFA14CE}.Ad-Hoc|iPhoneSimulator.Deploy.0 = Release|x86
		{43F8BDFF-2BE7-4AB3-8D8F-7A6E5FFA14CE}.Ad-Hoc|x64.ActiveCfg = Release|x64
		{43F8BDFF-2BE7-4AB3-8D8F-7A6E5FFA14CE}.Ad-Hoc|x64.Build.0 = Release|x64
		{43F8BDFF-2BE7-4AB3-8D8F-7A6E5FFA14CE}.Ad-Hoc|x64.Deploy.0 = Release|x64
		{43F8BDFF-2BE7-4AB3-8D8F-7A6E5FFA14CE}.Ad-Hoc|x86.ActiveCfg = Release|x86
		{43F8BDFF-2BE7-4AB3-8D8F-7A6E5FFA14CE}.Ad-Hoc|x86.Build.0 = Release|x86
		{43F8BDFF-2BE7-4AB3-8D8F-7A6E5FFA14CE}.Ad-Hoc|x86.Deploy.0 = Release|x86
		{43F8BDFF-2BE7-4AB3-8D8F-7A6E5FFA14CE}.AppStore|Any CPU.ActiveCfg = Release|x86
		{43F8BDFF-2BE7-4AB3-8D8F-7A6E5FFA14CE}.AppStore|Any CPU.Build.0 = Release|x86
		{43F8BDFF-2BE7-4AB3-8D8F-7A6E5FFA14CE}.AppStore|Any CPU.Deploy.0 = Release|x86
		{43F8BDFF-2BE7-4AB3-8D8F-7A6E5FFA14CE}.AppStore|ARM.ActiveCfg = Release|ARM
		{43F8BDFF-2BE7-4AB3-8D8F-7A6E5FFA14CE}.AppStore|ARM.Build.0 = Release|ARM
		{43F8BDFF-2BE7-4AB3-8D8F-7A6E5FFA14CE}.AppStore|ARM.Deploy.0 = Release|ARM
		{43F8BDFF-2BE7-4AB3-8D8F-7A6E5FFA14CE}.AppStore|iPhone.ActiveCfg = Release|x86
		{43F8BDFF-2BE7-4AB3-8D8F-7A6E5FFA14CE}.AppStore|iPhone.Build.0 = Release|x86
		{43F8BDFF-2BE7-4AB3-8D8F-7A6E5FFA14CE}.AppStore|iPhone.Deploy.0 = Release|x86
		{43F8BDFF-2BE7-4AB3-8D8F-7A6E5FFA14CE}.AppStore|iPhoneSimulator.ActiveCfg = Release|x86
		{43F8BDFF-2BE7-4AB3-8D8F-7A6E5FFA14CE}.AppStore|iPhoneSimulator.Build.0 = Release|x86
		{43F8BDFF-2BE7-4AB3-8D8F-7A6E5FFA14CE}.AppStore|iPhoneSimulator.Deploy.0 = Release|x86
		{43F8BDFF-2BE7-4AB3-8D8F-7A6E5FFA14CE}.AppStore|x64.ActiveCfg = Release|x64
		{43F8BDFF-2BE7-4AB3-8D8F-7A6E5FFA14CE}.AppStore|x64.Build.0 = Release|x64
		{43F8BDFF-2BE7-4AB3-8D8F-7A6E5FFA14CE}.AppStore|x64.Deploy.0 = Release|x64
		{43F8BDFF-2BE7-4AB3-8D8F-7A6E5FFA14CE}.AppStore|x86.ActiveCfg = Release|x86
		{43F8BDFF-2BE7-4AB3-8D8F-7A6E5FFA14CE}.AppStore|x86.Build.0 = Release|x86
		{43F8BDFF-2BE7-4AB3-8D8F-7A6E5FFA14CE}.AppStore|x86.Deploy.0 = Release|x86
		{43F8BDFF-2BE7-4AB3-8D8F-7A6E5FFA14CE}.Debug|Any CPU.ActiveCfg = Debug|x86
		{43F8BDFF-2BE7-4AB3-8D8F-7A6E5FFA14CE}.Debug|ARM.ActiveCfg = Debug|ARM
		{43F8BDFF-2BE7-4AB3-8D8F-7A6E5FFA14CE}.Debug|ARM.Build.0 = Debug|ARM
		{43F8BDFF-2BE7-4AB3-8D8F-7A6E5FFA14CE}.Debug|ARM.Deploy.0 = Debug|ARM
		{43F8BDFF-2BE7-4AB3-8D8F-7A6E5FFA14CE}.Debug|iPhone.ActiveCfg = Debug|x86
		{43F8BDFF-2BE7-4AB3-8D8F-7A6E5FFA14CE}.Debug|iPhoneSimulator.ActiveCfg = Debug|x86
		{43F8BDFF-2BE7-4AB3-8D8F-7A6E5FFA14CE}.Debug|x64.ActiveCfg = Debug|x64
		{43F8BDFF-2BE7-4AB3-8D8F-7A6E5FFA14CE}.Debug|x64.Build.0 = Debug|x64
		{43F8BDFF-2BE7-4AB3-8D8F-7A6E5FFA14CE}.Debug|x64.Deploy.0 = Debug|x64
		{43F8BDFF-2BE7-4AB3-8D8F-7A6E5FFA14CE}.Debug|x86.ActiveCfg = Debug|x86
		{43F8BDFF-2BE7-4AB3-8D8F-7A6E5FFA14CE}.Debug|x86.Build.0 = Debug|x86
		{43F8BDFF-2BE7-4AB3-8D8F-7A6E5FFA14CE}.Debug|x86.Deploy.0 = Debug|x86
		{43F8BDFF-2BE7-4AB3-8D8F-7A6E5FFA14CE}.Release|Any CPU.ActiveCfg = Release|x86
		{43F8BDFF-2BE7-4AB3-8D8F-7A6E5FFA14CE}.Release|ARM.ActiveCfg = Release|ARM
		{43F8BDFF-2BE7-4AB3-8D8F-7A6E5FFA14CE}.Release|ARM.Build.0 = Release|ARM
		{43F8BDFF-2BE7-4AB3-8D8F-7A6E5FFA14CE}.Release|ARM.Deploy.0 = Release|ARM
		{43F8BDFF-2BE7-4AB3-8D8F-7A6E5FFA14CE}.Release|iPhone.ActiveCfg = Release|x86
		{43F8BDFF-2BE7-4AB3-8D8F-7A6E5FFA14CE}.Release|iPhoneSimulator.ActiveCfg = Release|x86
		{43F8BDFF-2BE7-4AB3-8D8F-7A6E5FFA14CE}.Release|x64.ActiveCfg = Release|x64
		{43F8BDFF-2BE7-4AB3-8D8F-7A6E5FFA14CE}.Release|x64.Build.0 = Release|x64
		{43F8BDFF-2BE7-4AB3-8D8F-7A6E5FFA14CE}.Release|x64.Deploy.0 = Release|x64
		{43F8BDFF-2BE7-4AB3-8D8F-7A6E5FFA14CE}.Release|x86.ActiveCfg = Release|x86
		{43F8BDFF-2BE7-4AB3-8D8F-7A6E5FFA14CE}.Release|x86.Build.0 = Release|x86
		{43F8BDFF-2BE7-4AB3-8D8F-7A6E5FFA14CE}.Release|x86.Deploy.0 = Release|x86
		{A3DD6AAC-B029-4963-BE38-07589ABBFB1B}.Ad-Hoc|Any CPU.ActiveCfg = Debug|Any CPU
		{A3DD6AAC-B029-4963-BE38-07589ABBFB1B}.Ad-Hoc|Any CPU.Build.0 = Debug|Any CPU
		{A3DD6AAC-B029-4963-BE38-07589ABBFB1B}.Ad-Hoc|ARM.ActiveCfg = Debug|Any CPU
		{A3DD6AAC-B029-4963-BE38-07589ABBFB1B}.Ad-Hoc|ARM.Build.0 = Debug|Any CPU
		{A3DD6AAC-B029-4963-BE38-07589ABBFB1B}.Ad-Hoc|iPhone.ActiveCfg = Debug|Any CPU
		{A3DD6AAC-B029-4963-BE38-07589ABBFB1B}.Ad-Hoc|iPhone.Build.0 = Debug|Any CPU
		{A3DD6AAC-B029-4963-BE38-07589ABBFB1B}.Ad-Hoc|iPhoneSimulator.ActiveCfg = Debug|Any CPU
		{A3DD6AAC-B029-4963-BE38-07589ABBFB1B}.Ad-Hoc|iPhoneSimulator.Build.0 = Debug|Any CPU
		{A3DD6AAC-B029-4963-BE38-07589ABBFB1B}.Ad-Hoc|x64.ActiveCfg = Debug|Any CPU
		{A3DD6AAC-B029-4963-BE38-07589ABBFB1B}.Ad-Hoc|x64.Build.0 = Debug|Any CPU
		{A3DD6AAC-B029-4963-BE38-07589ABBFB1B}.Ad-Hoc|x86.ActiveCfg = Debug|Any CPU
		{A3DD6AAC-B029-4963-BE38-07589ABBFB1B}.Ad-Hoc|x86.Build.0 = Debug|Any CPU
		{A3DD6AAC-B029-4963-BE38-07589ABBFB1B}.AppStore|Any CPU.ActiveCfg = Debug|Any CPU
		{A3DD6AAC-B029-4963-BE38-07589ABBFB1B}.AppStore|Any CPU.Build.0 = Debug|Any CPU
		{A3DD6AAC-B029-4963-BE38-07589ABBFB1B}.AppStore|ARM.ActiveCfg = Debug|Any CPU
		{A3DD6AAC-B029-4963-BE38-07589ABBFB1B}.AppStore|ARM.Build.0 = Debug|Any CPU
		{A3DD6AAC-B029-4963-BE38-07589ABBFB1B}.AppStore|iPhone.ActiveCfg = Debug|Any CPU
		{A3DD6AAC-B029-4963-BE38-07589ABBFB1B}.AppStore|iPhone.Build.0 = Debug|Any CPU
		{A3DD6AAC-B029-4963-BE38-07589ABBFB1B}.AppStore|iPhoneSimulator.ActiveCfg = Debug|Any CPU
		{A3DD6AAC-B029-4963-BE38-07589ABBFB1B}.AppStore|iPhoneSimulator.Build.0 = Debug|Any CPU
		{A3DD6AAC-B029-4963-BE38-07589ABBFB1B}.AppStore|x64.ActiveCfg = Debug|Any CPU
		{A3DD6AAC-B029-4963-BE38-07589ABBFB1B}.AppStore|x64.Build.0 = Debug|Any CPU
		{A3DD6AAC-B029-4963-BE38-07589ABBFB1B}.AppStore|x86.ActiveCfg = Debug|Any CPU
		{A3DD6AAC-B029-4963-BE38-07589ABBFB1B}.AppStore|x86.Build.0 = Debug|Any CPU
		{A3DD6AAC-B029-4963-BE38-07589ABBFB1B}.Debug|Any CPU.ActiveCfg = Debug|Any CPU
		{A3DD6AAC-B029-4963-BE38-07589ABBFB1B}.Debug|Any CPU.Build.0 = Debug|Any CPU
		{A3DD6AAC-B029-4963-BE38-07589ABBFB1B}.Debug|ARM.ActiveCfg = Debug|Any CPU
		{A3DD6AAC-B029-4963-BE38-07589ABBFB1B}.Debug|ARM.Build.0 = Debug|Any CPU
		{A3DD6AAC-B029-4963-BE38-07589ABBFB1B}.Debug|iPhone.ActiveCfg = Debug|Any CPU
		{A3DD6AAC-B029-4963-BE38-07589ABBFB1B}.Debug|iPhone.Build.0 = Debug|Any CPU
		{A3DD6AAC-B029-4963-BE38-07589ABBFB1B}.Debug|iPhoneSimulator.ActiveCfg = Debug|Any CPU
		{A3DD6AAC-B029-4963-BE38-07589ABBFB1B}.Debug|iPhoneSimulator.Build.0 = Debug|Any CPU
		{A3DD6AAC-B029-4963-BE38-07589ABBFB1B}.Debug|x64.ActiveCfg = Debug|Any CPU
		{A3DD6AAC-B029-4963-BE38-07589ABBFB1B}.Debug|x64.Build.0 = Debug|Any CPU
		{A3DD6AAC-B029-4963-BE38-07589ABBFB1B}.Debug|x86.ActiveCfg = Debug|Any CPU
		{A3DD6AAC-B029-4963-BE38-07589ABBFB1B}.Debug|x86.Build.0 = Debug|Any CPU
		{A3DD6AAC-B029-4963-BE38-07589ABBFB1B}.Release|Any CPU.ActiveCfg = Release|Any CPU
		{A3DD6AAC-B029-4963-BE38-07589ABBFB1B}.Release|Any CPU.Build.0 = Release|Any CPU
		{A3DD6AAC-B029-4963-BE38-07589ABBFB1B}.Release|ARM.ActiveCfg = Release|Any CPU
		{A3DD6AAC-B029-4963-BE38-07589ABBFB1B}.Release|ARM.Build.0 = Release|Any CPU
		{A3DD6AAC-B029-4963-BE38-07589ABBFB1B}.Release|iPhone.ActiveCfg = Release|Any CPU
		{A3DD6AAC-B029-4963-BE38-07589ABBFB1B}.Release|iPhone.Build.0 = Release|Any CPU
		{A3DD6AAC-B029-4963-BE38-07589ABBFB1B}.Release|iPhoneSimulator.ActiveCfg = Release|Any CPU
		{A3DD6AAC-B029-4963-BE38-07589ABBFB1B}.Release|iPhoneSimulator.Build.0 = Release|Any CPU
		{A3DD6AAC-B029-4963-BE38-07589ABBFB1B}.Release|x64.ActiveCfg = Release|Any CPU
		{A3DD6AAC-B029-4963-BE38-07589ABBFB1B}.Release|x64.Build.0 = Release|Any CPU
		{A3DD6AAC-B029-4963-BE38-07589ABBFB1B}.Release|x86.ActiveCfg = Release|Any CPU
		{A3DD6AAC-B029-4963-BE38-07589ABBFB1B}.Release|x86.Build.0 = Release|Any CPU
		{ADE6A86F-E76E-4748-8CF7-8B9BAB32C1B9}.Ad-Hoc|Any CPU.ActiveCfg = Release|Any CPU
		{ADE6A86F-E76E-4748-8CF7-8B9BAB32C1B9}.Ad-Hoc|Any CPU.Build.0 = Release|Any CPU
		{ADE6A86F-E76E-4748-8CF7-8B9BAB32C1B9}.Ad-Hoc|ARM.ActiveCfg = Release|Any CPU
		{ADE6A86F-E76E-4748-8CF7-8B9BAB32C1B9}.Ad-Hoc|ARM.Build.0 = Release|Any CPU
		{ADE6A86F-E76E-4748-8CF7-8B9BAB32C1B9}.Ad-Hoc|iPhone.ActiveCfg = Release|Any CPU
		{ADE6A86F-E76E-4748-8CF7-8B9BAB32C1B9}.Ad-Hoc|iPhone.Build.0 = Release|Any CPU
		{ADE6A86F-E76E-4748-8CF7-8B9BAB32C1B9}.Ad-Hoc|iPhoneSimulator.ActiveCfg = Release|Any CPU
		{ADE6A86F-E76E-4748-8CF7-8B9BAB32C1B9}.Ad-Hoc|iPhoneSimulator.Build.0 = Release|Any CPU
		{ADE6A86F-E76E-4748-8CF7-8B9BAB32C1B9}.Ad-Hoc|x64.ActiveCfg = Release|Any CPU
		{ADE6A86F-E76E-4748-8CF7-8B9BAB32C1B9}.Ad-Hoc|x64.Build.0 = Release|Any CPU
		{ADE6A86F-E76E-4748-8CF7-8B9BAB32C1B9}.Ad-Hoc|x86.ActiveCfg = Release|Any CPU
		{ADE6A86F-E76E-4748-8CF7-8B9BAB32C1B9}.Ad-Hoc|x86.Build.0 = Release|Any CPU
		{ADE6A86F-E76E-4748-8CF7-8B9BAB32C1B9}.AppStore|Any CPU.ActiveCfg = Release|Any CPU
		{ADE6A86F-E76E-4748-8CF7-8B9BAB32C1B9}.AppStore|Any CPU.Build.0 = Release|Any CPU
		{ADE6A86F-E76E-4748-8CF7-8B9BAB32C1B9}.AppStore|ARM.ActiveCfg = Release|Any CPU
		{ADE6A86F-E76E-4748-8CF7-8B9BAB32C1B9}.AppStore|ARM.Build.0 = Release|Any CPU
		{ADE6A86F-E76E-4748-8CF7-8B9BAB32C1B9}.AppStore|iPhone.ActiveCfg = Release|Any CPU
		{ADE6A86F-E76E-4748-8CF7-8B9BAB32C1B9}.AppStore|iPhone.Build.0 = Release|Any CPU
		{ADE6A86F-E76E-4748-8CF7-8B9BAB32C1B9}.AppStore|iPhoneSimulator.ActiveCfg = Release|Any CPU
		{ADE6A86F-E76E-4748-8CF7-8B9BAB32C1B9}.AppStore|iPhoneSimulator.Build.0 = Release|Any CPU
		{ADE6A86F-E76E-4748-8CF7-8B9BAB32C1B9}.AppStore|x64.ActiveCfg = Release|Any CPU
		{ADE6A86F-E76E-4748-8CF7-8B9BAB32C1B9}.AppStore|x64.Build.0 = Release|Any CPU
		{ADE6A86F-E76E-4748-8CF7-8B9BAB32C1B9}.AppStore|x86.ActiveCfg = Release|Any CPU
		{ADE6A86F-E76E-4748-8CF7-8B9BAB32C1B9}.AppStore|x86.Build.0 = Release|Any CPU
		{ADE6A86F-E76E-4748-8CF7-8B9BAB32C1B9}.Debug|Any CPU.ActiveCfg = Debug|Any CPU
		{ADE6A86F-E76E-4748-8CF7-8B9BAB32C1B9}.Debug|Any CPU.Build.0 = Debug|Any CPU
		{ADE6A86F-E76E-4748-8CF7-8B9BAB32C1B9}.Debug|ARM.ActiveCfg = Debug|Any CPU
		{ADE6A86F-E76E-4748-8CF7-8B9BAB32C1B9}.Debug|ARM.Build.0 = Debug|Any CPU
		{ADE6A86F-E76E-4748-8CF7-8B9BAB32C1B9}.Debug|iPhone.ActiveCfg = Debug|Any CPU
		{ADE6A86F-E76E-4748-8CF7-8B9BAB32C1B9}.Debug|iPhone.Build.0 = Debug|Any CPU
		{ADE6A86F-E76E-4748-8CF7-8B9BAB32C1B9}.Debug|iPhoneSimulator.ActiveCfg = Debug|Any CPU
		{ADE6A86F-E76E-4748-8CF7-8B9BAB32C1B9}.Debug|iPhoneSimulator.Build.0 = Debug|Any CPU
		{ADE6A86F-E76E-4748-8CF7-8B9BAB32C1B9}.Debug|x64.ActiveCfg = Debug|Any CPU
		{ADE6A86F-E76E-4748-8CF7-8B9BAB32C1B9}.Debug|x64.Build.0 = Debug|Any CPU
		{ADE6A86F-E76E-4748-8CF7-8B9BAB32C1B9}.Debug|x86.ActiveCfg = Debug|Any CPU
		{ADE6A86F-E76E-4748-8CF7-8B9BAB32C1B9}.Debug|x86.Build.0 = Debug|Any CPU
		{ADE6A86F-E76E-4748-8CF7-8B9BAB32C1B9}.Release|Any CPU.ActiveCfg = Release|Any CPU
		{ADE6A86F-E76E-4748-8CF7-8B9BAB32C1B9}.Release|Any CPU.Build.0 = Release|Any CPU
		{ADE6A86F-E76E-4748-8CF7-8B9BAB32C1B9}.Release|ARM.ActiveCfg = Release|Any CPU
		{ADE6A86F-E76E-4748-8CF7-8B9BAB32C1B9}.Release|ARM.Build.0 = Release|Any CPU
		{ADE6A86F-E76E-4748-8CF7-8B9BAB32C1B9}.Release|iPhone.ActiveCfg = Release|Any CPU
		{ADE6A86F-E76E-4748-8CF7-8B9BAB32C1B9}.Release|iPhone.Build.0 = Release|Any CPU
		{ADE6A86F-E76E-4748-8CF7-8B9BAB32C1B9}.Release|iPhoneSimulator.ActiveCfg = Release|Any CPU
		{ADE6A86F-E76E-4748-8CF7-8B9BAB32C1B9}.Release|iPhoneSimulator.Build.0 = Release|Any CPU
		{ADE6A86F-E76E-4748-8CF7-8B9BAB32C1B9}.Release|x64.ActiveCfg = Release|Any CPU
		{ADE6A86F-E76E-4748-8CF7-8B9BAB32C1B9}.Release|x64.Build.0 = Release|Any CPU
		{ADE6A86F-E76E-4748-8CF7-8B9BAB32C1B9}.Release|x86.ActiveCfg = Release|Any CPU
		{ADE6A86F-E76E-4748-8CF7-8B9BAB32C1B9}.Release|x86.Build.0 = Release|Any CPU
		{4F24698A-49D0-4C00-B38E-D969661AB2D6}.Ad-Hoc|Any CPU.ActiveCfg = Release|Any CPU
		{4F24698A-49D0-4C00-B38E-D969661AB2D6}.Ad-Hoc|Any CPU.Build.0 = Release|Any CPU
		{4F24698A-49D0-4C00-B38E-D969661AB2D6}.Ad-Hoc|ARM.ActiveCfg = Release|Any CPU
		{4F24698A-49D0-4C00-B38E-D969661AB2D6}.Ad-Hoc|ARM.Build.0 = Release|Any CPU
		{4F24698A-49D0-4C00-B38E-D969661AB2D6}.Ad-Hoc|iPhone.ActiveCfg = Release|Any CPU
		{4F24698A-49D0-4C00-B38E-D969661AB2D6}.Ad-Hoc|iPhone.Build.0 = Release|Any CPU
		{4F24698A-49D0-4C00-B38E-D969661AB2D6}.Ad-Hoc|iPhoneSimulator.ActiveCfg = Release|Any CPU
		{4F24698A-49D0-4C00-B38E-D969661AB2D6}.Ad-Hoc|iPhoneSimulator.Build.0 = Release|Any CPU
		{4F24698A-49D0-4C00-B38E-D969661AB2D6}.Ad-Hoc|x64.ActiveCfg = Release|Any CPU
		{4F24698A-49D0-4C00-B38E-D969661AB2D6}.Ad-Hoc|x64.Build.0 = Release|Any CPU
		{4F24698A-49D0-4C00-B38E-D969661AB2D6}.Ad-Hoc|x86.ActiveCfg = Release|Any CPU
		{4F24698A-49D0-4C00-B38E-D969661AB2D6}.Ad-Hoc|x86.Build.0 = Release|Any CPU
		{4F24698A-49D0-4C00-B38E-D969661AB2D6}.AppStore|Any CPU.ActiveCfg = Release|Any CPU
		{4F24698A-49D0-4C00-B38E-D969661AB2D6}.AppStore|Any CPU.Build.0 = Release|Any CPU
		{4F24698A-49D0-4C00-B38E-D969661AB2D6}.AppStore|ARM.ActiveCfg = Release|Any CPU
		{4F24698A-49D0-4C00-B38E-D969661AB2D6}.AppStore|ARM.Build.0 = Release|Any CPU
		{4F24698A-49D0-4C00-B38E-D969661AB2D6}.AppStore|iPhone.ActiveCfg = Release|Any CPU
		{4F24698A-49D0-4C00-B38E-D969661AB2D6}.AppStore|iPhone.Build.0 = Release|Any CPU
		{4F24698A-49D0-4C00-B38E-D969661AB2D6}.AppStore|iPhoneSimulator.ActiveCfg = Release|Any CPU
		{4F24698A-49D0-4C00-B38E-D969661AB2D6}.AppStore|iPhoneSimulator.Build.0 = Release|Any CPU
		{4F24698A-49D0-4C00-B38E-D969661AB2D6}.AppStore|x64.ActiveCfg = Release|Any CPU
		{4F24698A-49D0-4C00-B38E-D969661AB2D6}.AppStore|x64.Build.0 = Release|Any CPU
		{4F24698A-49D0-4C00-B38E-D969661AB2D6}.AppStore|x86.ActiveCfg = Release|Any CPU
		{4F24698A-49D0-4C00-B38E-D969661AB2D6}.AppStore|x86.Build.0 = Release|Any CPU
		{4F24698A-49D0-4C00-B38E-D969661AB2D6}.Debug|Any CPU.ActiveCfg = Debug|Any CPU
		{4F24698A-49D0-4C00-B38E-D969661AB2D6}.Debug|Any CPU.Build.0 = Debug|Any CPU
		{4F24698A-49D0-4C00-B38E-D969661AB2D6}.Debug|ARM.ActiveCfg = Debug|Any CPU
		{4F24698A-49D0-4C00-B38E-D969661AB2D6}.Debug|ARM.Build.0 = Debug|Any CPU
		{4F24698A-49D0-4C00-B38E-D969661AB2D6}.Debug|iPhone.ActiveCfg = Debug|Any CPU
		{4F24698A-49D0-4C00-B38E-D969661AB2D6}.Debug|iPhone.Build.0 = Debug|Any CPU
		{4F24698A-49D0-4C00-B38E-D969661AB2D6}.Debug|iPhoneSimulator.ActiveCfg = Debug|Any CPU
		{4F24698A-49D0-4C00-B38E-D969661AB2D6}.Debug|iPhoneSimulator.Build.0 = Debug|Any CPU
		{4F24698A-49D0-4C00-B38E-D969661AB2D6}.Debug|x64.ActiveCfg = Debug|Any CPU
		{4F24698A-49D0-4C00-B38E-D969661AB2D6}.Debug|x64.Build.0 = Debug|Any CPU
		{4F24698A-49D0-4C00-B38E-D969661AB2D6}.Debug|x86.ActiveCfg = Debug|Any CPU
		{4F24698A-49D0-4C00-B38E-D969661AB2D6}.Debug|x86.Build.0 = Debug|Any CPU
		{4F24698A-49D0-4C00-B38E-D969661AB2D6}.Release|Any CPU.ActiveCfg = Release|Any CPU
		{4F24698A-49D0-4C00-B38E-D969661AB2D6}.Release|Any CPU.Build.0 = Release|Any CPU
		{4F24698A-49D0-4C00-B38E-D969661AB2D6}.Release|ARM.ActiveCfg = Release|Any CPU
		{4F24698A-49D0-4C00-B38E-D969661AB2D6}.Release|ARM.Build.0 = Release|Any CPU
		{4F24698A-49D0-4C00-B38E-D969661AB2D6}.Release|iPhone.ActiveCfg = Release|Any CPU
		{4F24698A-49D0-4C00-B38E-D969661AB2D6}.Release|iPhone.Build.0 = Release|Any CPU
		{4F24698A-49D0-4C00-B38E-D969661AB2D6}.Release|iPhoneSimulator.ActiveCfg = Release|Any CPU
		{4F24698A-49D0-4C00-B38E-D969661AB2D6}.Release|iPhoneSimulator.Build.0 = Release|Any CPU
		{4F24698A-49D0-4C00-B38E-D969661AB2D6}.Release|x64.ActiveCfg = Release|Any CPU
		{4F24698A-49D0-4C00-B38E-D969661AB2D6}.Release|x64.Build.0 = Release|Any CPU
		{4F24698A-49D0-4C00-B38E-D969661AB2D6}.Release|x86.ActiveCfg = Release|Any CPU
		{4F24698A-49D0-4C00-B38E-D969661AB2D6}.Release|x86.Build.0 = Release|Any CPU
		{BD0A22CE-64F0-4662-83BC-6C0014340CA5}.Ad-Hoc|Any CPU.ActiveCfg = Release|Any CPU
		{BD0A22CE-64F0-4662-83BC-6C0014340CA5}.Ad-Hoc|Any CPU.Build.0 = Release|Any CPU
		{BD0A22CE-64F0-4662-83BC-6C0014340CA5}.Ad-Hoc|ARM.ActiveCfg = Release|Any CPU
		{BD0A22CE-64F0-4662-83BC-6C0014340CA5}.Ad-Hoc|ARM.Build.0 = Release|Any CPU
		{BD0A22CE-64F0-4662-83BC-6C0014340CA5}.Ad-Hoc|iPhone.ActiveCfg = Release|Any CPU
		{BD0A22CE-64F0-4662-83BC-6C0014340CA5}.Ad-Hoc|iPhone.Build.0 = Release|Any CPU
		{BD0A22CE-64F0-4662-83BC-6C0014340CA5}.Ad-Hoc|iPhoneSimulator.ActiveCfg = Release|Any CPU
		{BD0A22CE-64F0-4662-83BC-6C0014340CA5}.Ad-Hoc|iPhoneSimulator.Build.0 = Release|Any CPU
		{BD0A22CE-64F0-4662-83BC-6C0014340CA5}.Ad-Hoc|x64.ActiveCfg = Release|Any CPU
		{BD0A22CE-64F0-4662-83BC-6C0014340CA5}.Ad-Hoc|x64.Build.0 = Release|Any CPU
		{BD0A22CE-64F0-4662-83BC-6C0014340CA5}.Ad-Hoc|x86.ActiveCfg = Release|Any CPU
		{BD0A22CE-64F0-4662-83BC-6C0014340CA5}.Ad-Hoc|x86.Build.0 = Release|Any CPU
		{BD0A22CE-64F0-4662-83BC-6C0014340CA5}.AppStore|Any CPU.ActiveCfg = Release|Any CPU
		{BD0A22CE-64F0-4662-83BC-6C0014340CA5}.AppStore|Any CPU.Build.0 = Release|Any CPU
		{BD0A22CE-64F0-4662-83BC-6C0014340CA5}.AppStore|ARM.ActiveCfg = Release|Any CPU
		{BD0A22CE-64F0-4662-83BC-6C0014340CA5}.AppStore|ARM.Build.0 = Release|Any CPU
		{BD0A22CE-64F0-4662-83BC-6C0014340CA5}.AppStore|iPhone.ActiveCfg = Release|Any CPU
		{BD0A22CE-64F0-4662-83BC-6C0014340CA5}.AppStore|iPhone.Build.0 = Release|Any CPU
		{BD0A22CE-64F0-4662-83BC-6C0014340CA5}.AppStore|iPhoneSimulator.ActiveCfg = Release|Any CPU
		{BD0A22CE-64F0-4662-83BC-6C0014340CA5}.AppStore|iPhoneSimulator.Build.0 = Release|Any CPU
		{BD0A22CE-64F0-4662-83BC-6C0014340CA5}.AppStore|x64.ActiveCfg = Release|Any CPU
		{BD0A22CE-64F0-4662-83BC-6C0014340CA5}.AppStore|x64.Build.0 = Release|Any CPU
		{BD0A22CE-64F0-4662-83BC-6C0014340CA5}.AppStore|x86.ActiveCfg = Release|Any CPU
		{BD0A22CE-64F0-4662-83BC-6C0014340CA5}.AppStore|x86.Build.0 = Release|Any CPU
		{BD0A22CE-64F0-4662-83BC-6C0014340CA5}.Debug|Any CPU.ActiveCfg = Debug|Any CPU
		{BD0A22CE-64F0-4662-83BC-6C0014340CA5}.Debug|Any CPU.Build.0 = Debug|Any CPU
		{BD0A22CE-64F0-4662-83BC-6C0014340CA5}.Debug|ARM.ActiveCfg = Debug|Any CPU
		{BD0A22CE-64F0-4662-83BC-6C0014340CA5}.Debug|ARM.Build.0 = Debug|Any CPU
		{BD0A22CE-64F0-4662-83BC-6C0014340CA5}.Debug|iPhone.ActiveCfg = Debug|Any CPU
		{BD0A22CE-64F0-4662-83BC-6C0014340CA5}.Debug|iPhone.Build.0 = Debug|Any CPU
		{BD0A22CE-64F0-4662-83BC-6C0014340CA5}.Debug|iPhoneSimulator.ActiveCfg = Debug|Any CPU
		{BD0A22CE-64F0-4662-83BC-6C0014340CA5}.Debug|iPhoneSimulator.Build.0 = Debug|Any CPU
		{BD0A22CE-64F0-4662-83BC-6C0014340CA5}.Debug|x64.ActiveCfg = Debug|Any CPU
		{BD0A22CE-64F0-4662-83BC-6C0014340CA5}.Debug|x64.Build.0 = Debug|Any CPU
		{BD0A22CE-64F0-4662-83BC-6C0014340CA5}.Debug|x86.ActiveCfg = Debug|Any CPU
		{BD0A22CE-64F0-4662-83BC-6C0014340CA5}.Debug|x86.Build.0 = Debug|Any CPU
		{BD0A22CE-64F0-4662-83BC-6C0014340CA5}.Release|Any CPU.ActiveCfg = Release|Any CPU
		{BD0A22CE-64F0-4662-83BC-6C0014340CA5}.Release|Any CPU.Build.0 = Release|Any CPU
		{BD0A22CE-64F0-4662-83BC-6C0014340CA5}.Release|ARM.ActiveCfg = Release|Any CPU
		{BD0A22CE-64F0-4662-83BC-6C0014340CA5}.Release|ARM.Build.0 = Release|Any CPU
		{BD0A22CE-64F0-4662-83BC-6C0014340CA5}.Release|iPhone.ActiveCfg = Release|Any CPU
		{BD0A22CE-64F0-4662-83BC-6C0014340CA5}.Release|iPhone.Build.0 = Release|Any CPU
		{BD0A22CE-64F0-4662-83BC-6C0014340CA5}.Release|iPhoneSimulator.ActiveCfg = Release|Any CPU
		{BD0A22CE-64F0-4662-83BC-6C0014340CA5}.Release|iPhoneSimulator.Build.0 = Release|Any CPU
		{BD0A22CE-64F0-4662-83BC-6C0014340CA5}.Release|x64.ActiveCfg = Release|Any CPU
		{BD0A22CE-64F0-4662-83BC-6C0014340CA5}.Release|x64.Build.0 = Release|Any CPU
		{BD0A22CE-64F0-4662-83BC-6C0014340CA5}.Release|x86.ActiveCfg = Release|Any CPU
		{BD0A22CE-64F0-4662-83BC-6C0014340CA5}.Release|x86.Build.0 = Release|Any CPU
		{8DB06F31-B05A-4363-80F4-D07AF9893DB3}.Ad-Hoc|Any CPU.ActiveCfg = Release|Any CPU
		{8DB06F31-B05A-4363-80F4-D07AF9893DB3}.Ad-Hoc|Any CPU.Build.0 = Release|Any CPU
		{8DB06F31-B05A-4363-80F4-D07AF9893DB3}.Ad-Hoc|ARM.ActiveCfg = Release|Any CPU
		{8DB06F31-B05A-4363-80F4-D07AF9893DB3}.Ad-Hoc|ARM.Build.0 = Release|Any CPU
		{8DB06F31-B05A-4363-80F4-D07AF9893DB3}.Ad-Hoc|iPhone.ActiveCfg = Release|Any CPU
		{8DB06F31-B05A-4363-80F4-D07AF9893DB3}.Ad-Hoc|iPhone.Build.0 = Release|Any CPU
		{8DB06F31-B05A-4363-80F4-D07AF9893DB3}.Ad-Hoc|iPhoneSimulator.ActiveCfg = Release|Any CPU
		{8DB06F31-B05A-4363-80F4-D07AF9893DB3}.Ad-Hoc|iPhoneSimulator.Build.0 = Release|Any CPU
		{8DB06F31-B05A-4363-80F4-D07AF9893DB3}.Ad-Hoc|x64.ActiveCfg = Release|Any CPU
		{8DB06F31-B05A-4363-80F4-D07AF9893DB3}.Ad-Hoc|x64.Build.0 = Release|Any CPU
		{8DB06F31-B05A-4363-80F4-D07AF9893DB3}.Ad-Hoc|x86.ActiveCfg = Release|Any CPU
		{8DB06F31-B05A-4363-80F4-D07AF9893DB3}.Ad-Hoc|x86.Build.0 = Release|Any CPU
		{8DB06F31-B05A-4363-80F4-D07AF9893DB3}.AppStore|Any CPU.ActiveCfg = Release|Any CPU
		{8DB06F31-B05A-4363-80F4-D07AF9893DB3}.AppStore|Any CPU.Build.0 = Release|Any CPU
		{8DB06F31-B05A-4363-80F4-D07AF9893DB3}.AppStore|ARM.ActiveCfg = Release|Any CPU
		{8DB06F31-B05A-4363-80F4-D07AF9893DB3}.AppStore|ARM.Build.0 = Release|Any CPU
		{8DB06F31-B05A-4363-80F4-D07AF9893DB3}.AppStore|iPhone.ActiveCfg = Release|Any CPU
		{8DB06F31-B05A-4363-80F4-D07AF9893DB3}.AppStore|iPhone.Build.0 = Release|Any CPU
		{8DB06F31-B05A-4363-80F4-D07AF9893DB3}.AppStore|iPhoneSimulator.ActiveCfg = Release|Any CPU
		{8DB06F31-B05A-4363-80F4-D07AF9893DB3}.AppStore|iPhoneSimulator.Build.0 = Release|Any CPU
		{8DB06F31-B05A-4363-80F4-D07AF9893DB3}.AppStore|x64.ActiveCfg = Release|Any CPU
		{8DB06F31-B05A-4363-80F4-D07AF9893DB3}.AppStore|x64.Build.0 = Release|Any CPU
		{8DB06F31-B05A-4363-80F4-D07AF9893DB3}.AppStore|x86.ActiveCfg = Release|Any CPU
		{8DB06F31-B05A-4363-80F4-D07AF9893DB3}.AppStore|x86.Build.0 = Release|Any CPU
		{8DB06F31-B05A-4363-80F4-D07AF9893DB3}.Debug|Any CPU.ActiveCfg = Debug|Any CPU
		{8DB06F31-B05A-4363-80F4-D07AF9893DB3}.Debug|Any CPU.Build.0 = Debug|Any CPU
		{8DB06F31-B05A-4363-80F4-D07AF9893DB3}.Debug|ARM.ActiveCfg = Debug|Any CPU
		{8DB06F31-B05A-4363-80F4-D07AF9893DB3}.Debug|ARM.Build.0 = Debug|Any CPU
		{8DB06F31-B05A-4363-80F4-D07AF9893DB3}.Debug|iPhone.ActiveCfg = Debug|Any CPU
		{8DB06F31-B05A-4363-80F4-D07AF9893DB3}.Debug|iPhone.Build.0 = Debug|Any CPU
		{8DB06F31-B05A-4363-80F4-D07AF9893DB3}.Debug|iPhoneSimulator.ActiveCfg = Debug|Any CPU
		{8DB06F31-B05A-4363-80F4-D07AF9893DB3}.Debug|iPhoneSimulator.Build.0 = Debug|Any CPU
		{8DB06F31-B05A-4363-80F4-D07AF9893DB3}.Debug|x64.ActiveCfg = Debug|Any CPU
		{8DB06F31-B05A-4363-80F4-D07AF9893DB3}.Debug|x64.Build.0 = Debug|Any CPU
		{8DB06F31-B05A-4363-80F4-D07AF9893DB3}.Debug|x86.ActiveCfg = Debug|Any CPU
		{8DB06F31-B05A-4363-80F4-D07AF9893DB3}.Debug|x86.Build.0 = Debug|Any CPU
		{8DB06F31-B05A-4363-80F4-D07AF9893DB3}.Release|Any CPU.ActiveCfg = Release|Any CPU
		{8DB06F31-B05A-4363-80F4-D07AF9893DB3}.Release|Any CPU.Build.0 = Release|Any CPU
		{8DB06F31-B05A-4363-80F4-D07AF9893DB3}.Release|ARM.ActiveCfg = Release|Any CPU
		{8DB06F31-B05A-4363-80F4-D07AF9893DB3}.Release|ARM.Build.0 = Release|Any CPU
		{8DB06F31-B05A-4363-80F4-D07AF9893DB3}.Release|iPhone.ActiveCfg = Release|Any CPU
		{8DB06F31-B05A-4363-80F4-D07AF9893DB3}.Release|iPhone.Build.0 = Release|Any CPU
		{8DB06F31-B05A-4363-80F4-D07AF9893DB3}.Release|iPhoneSimulator.ActiveCfg = Release|Any CPU
		{8DB06F31-B05A-4363-80F4-D07AF9893DB3}.Release|iPhoneSimulator.Build.0 = Release|Any CPU
		{8DB06F31-B05A-4363-80F4-D07AF9893DB3}.Release|x64.ActiveCfg = Release|Any CPU
		{8DB06F31-B05A-4363-80F4-D07AF9893DB3}.Release|x64.Build.0 = Release|Any CPU
		{8DB06F31-B05A-4363-80F4-D07AF9893DB3}.Release|x86.ActiveCfg = Release|Any CPU
		{8DB06F31-B05A-4363-80F4-D07AF9893DB3}.Release|x86.Build.0 = Release|Any CPU
	EndGlobalSection
	GlobalSection(SolutionProperties) = preSolution
		HideSolutionNode = FALSE
	EndGlobalSection
	GlobalSection(ExtensibilityGlobals) = postSolution
		SolutionGuid = {591AF476-04D9-4343-8996-49BAE55096BA}
	EndGlobalSection
EndGlobal
